
Microsoft Visual Studio Solution File, Format Version 12.00
# Visual Studio Version 17
VisualStudioVersion = 17.14.36811.4 d17.14
MinimumVisualStudioVersion = 10.0.40219.1
Project("{FAE04EC0-301F-11D3-BF4B-00C04F79EFBC}") = "DIS_Semestralka_S2_Letisko", "DIS_Semestralka_S2_Letisko\DIS_Semestralka_S2_Letisko.csproj", "{A23FB14B-DA7D-47D3-A669-8B057765EF88}"
EndProject
Global
	GlobalSection(SolutionConfigurationPlatforms) = preSolution
		Debug|Any CPU = Debug|Any CPU
		Release|Any CPU = Release|Any CPU
	EndGlobalSection
	GlobalSection(ProjectConfigurationPlatforms) = postSolution
		{A23FB14B-DA7D-47D3-A669-8B057765EF88}.Debug|Any CPU.ActiveCfg = Debug|Any CPU
		{A23FB14B-DA7D-47D3-A669-8B057765EF88}.Debug|Any CPU.Build.0 = Debug|Any CPU
		{A23FB14B-DA7D-47D3-A669-8B057765EF88}.Release|Any CPU.ActiveCfg = Release|Any CPU
		{A23FB14B-DA7D-47D3-A669-8B057765EF88}.Release|Any CPU.Build.0 = Release|Any CPU
	EndGlobalSection
	GlobalSection(SolutionProperties) = preSolution
		HideSolutionNode = FALSE
	EndGlobalSection
	GlobalSection(ExtensibilityGlobals) = postSolution
		SolutionGuid = {B614EB07-5AFD-41ED-8BEF-9379D8156ABD}
	EndGlobalSection
EndGlobal
